// !$*UTF8*$!
{
	archiveVersion = 1;
	classes = {
	};
	objectVersion = 77;
	objects = {

/* Begin PBXBuildFile section */
		2B37BC662D9F1400008B9110 /* ContactListFactory.swift in Sources */ = {isa = PBXBuildFile; fileRef = 2B37BC652D9F13F7008B9110 /* ContactListFactory.swift */; };
		2B37BC672D9F1859008B9110 /* Data+FileLoader.swift in Sources */ = {isa = PBXBuildFile; fileRef = 2B877AF32D9F129A00C31B5D /* Data+FileLoader.swift */; };
		2B37BC682D9F1859008B9110 /* MockHTTPClient.swift in Sources */ = {isa = PBXBuildFile; fileRef = 2B877AF42D9F129A00C31B5D /* MockHTTPClient.swift */; };
		2B37BC692D9F1859008B9110 /* RandomUserServiceTests.swift in Sources */ = {isa = PBXBuildFile; fileRef = 2B877AF72D9F129A00C31B5D /* RandomUserServiceTests.swift */; };
		2B37BC6A2D9F1863008B9110 /* RamdomUserInvalidStubs.json in Resources */ = {isa = PBXBuildFile; fileRef = 2B877AF52D9F129A00C31B5D /* RamdomUserInvalidStubs.json */; };
		2B37BC6B2D9F1863008B9110 /* RamdomUserStubs.json in Resources */ = {isa = PBXBuildFile; fileRef = 2B877AF62D9F129A00C31B5D /* RamdomUserStubs.json */; };
		2B877AE72D9F129000C31B5D /* Assets.xcassets in Resources */ = {isa = PBXBuildFile; fileRef = 2B877ADE2D9F129000C31B5D /* Assets.xcassets */; };
		2B877AE92D9F129000C31B5D /* LaunchScreen.storyboard in Resources */ = {isa = PBXBuildFile; fileRef = 2B877AE12D9F129000C31B5D /* LaunchScreen.storyboard */; };
		2B877AEB2D9F129000C31B5D /* HTTPClientInterface.swift in Sources */ = {isa = PBXBuildFile; fileRef = 2B877AD12D9F129000C31B5D /* HTTPClientInterface.swift */; };
		2B877AEC2D9F129000C31B5D /* JSONHTTPClient.swift in Sources */ = {isa = PBXBuildFile; fileRef = 2B877AD22D9F129000C31B5D /* JSONHTTPClient.swift */; };
		2B877AED2D9F129000C31B5D /* RandomUserService.swift in Sources */ = {isa = PBXBuildFile; fileRef = 2B877AD52D9F129000C31B5D /* RandomUserService.swift */; };
		2B877AEE2D9F129000C31B5D /* RandomUserServiceInterface.swift in Sources */ = {isa = PBXBuildFile; fileRef = 2B877AD62D9F129000C31B5D /* RandomUserServiceInterface.swift */; };
		2B877AEF2D9F129000C31B5D /* RandomUserServiceResponse.swift in Sources */ = {isa = PBXBuildFile; fileRef = 2B877AD72D9F129000C31B5D /* RandomUserServiceResponse.swift */; };
		2B877AF02D9F129000C31B5D /* AppDelegate.swift in Sources */ = {isa = PBXBuildFile; fileRef = 2B877ADD2D9F129000C31B5D /* AppDelegate.swift */; };
		2B877AF12D9F129000C31B5D /* SceneDelegate.swift in Sources */ = {isa = PBXBuildFile; fileRef = 2B877AE42D9F129000C31B5D /* SceneDelegate.swift */; };
		2BF38A432D9FC6A100BBBB13 /* ContactListViewController.swift in Sources */ = {isa = PBXBuildFile; fileRef = 2BF38A422D9FC69B00BBBB13 /* ContactListViewController.swift */; };
		2BF38A482D9FCA1300BBBB13 /* AppCoordinator.swift in Sources */ = {isa = PBXBuildFile; fileRef = 2BF38A472D9FCA0E00BBBB13 /* AppCoordinator.swift */; };
		2BF38A4A2D9FCA8100BBBB13 /* ConctactListViewModel.swift in Sources */ = {isa = PBXBuildFile; fileRef = 2BF38A492D9FCA7C00BBBB13 /* ConctactListViewModel.swift */; };
		2BF38A4C2D9FCD8400BBBB13 /* ContactTableViewCell.swift in Sources */ = {isa = PBXBuildFile; fileRef = 2BF38A4B2D9FCD8400BBBB13 /* ContactTableViewCell.swift */; };
		2BF38AD42D9FD6B000BBBB13 /* Date+Formatter.swift in Sources */ = {isa = PBXBuildFile; fileRef = 2BF38AD32D9FD6B000BBBB13 /* Date+Formatter.swift */; };
		2BF38AD62D9FD7A600BBBB13 /* Collection+SafeSubscript.swift in Sources */ = {isa = PBXBuildFile; fileRef = 2BF38AD52D9FD7A600BBBB13 /* Collection+SafeSubscript.swift */; };
		2BF38AD82DA0145200BBBB13 /* ImageDataLoader.swift in Sources */ = {isa = PBXBuildFile; fileRef = 2BF38AD72DA0145200BBBB13 /* ImageDataLoader.swift */; };
		2BF38ADA2DA0147200BBBB13 /* UIImageView+Download.swift in Sources */ = {isa = PBXBuildFile; fileRef = 2BF38AD92DA0147200BBBB13 /* UIImageView+Download.swift */; };
		2BF38ADF2DA01D4F00BBBB13 /* ContactDetailViewController.swift in Sources */ = {isa = PBXBuildFile; fileRef = 2BF38ADE2DA01D4700BBBB13 /* ContactDetailViewController.swift */; };
		2BF38AE12DA01EBC00BBBB13 /* ContactListCoordinator.swift in Sources */ = {isa = PBXBuildFile; fileRef = 2BF38AE02DA01EB400BBBB13 /* ContactListCoordinator.swift */; };
		2BF38AE32DA0204A00BBBB13 /* ContactDetailFactory.swift in Sources */ = {isa = PBXBuildFile; fileRef = 2BF38AE22DA0204200BBBB13 /* ContactDetailFactory.swift */; };
		2BF38AE62DA02D2A00BBBB13 /* ContactDetailViewModel.swift in Sources */ = {isa = PBXBuildFile; fileRef = 2BF38AE52DA02D2300BBBB13 /* ContactDetailViewModel.swift */; };
		2BF38AE92DA03C1900BBBB13 /* ContactDetailCoordinator.swift in Sources */ = {isa = PBXBuildFile; fileRef = 2BF38AE82DA03C0900BBBB13 /* ContactDetailCoordinator.swift */; };
		2BF38AEC2DA3BD2300BBBB13 /* Connectivity.swift in Sources */ = {isa = PBXBuildFile; fileRef = 2BF38AEB2DA3BD1600BBBB13 /* Connectivity.swift */; };
		2BF396FF2D9E799A00A9EABB /* README.md in Resources */ = {isa = PBXBuildFile; fileRef = 2BF396FE2D9E799300A9EABB /* README.md */; };
/* End PBXBuildFile section */

/* Begin PBXContainerItemProxy section */
		2BF396E12D9E798700A9EABB /* PBXContainerItemProxy */ = {
			isa = PBXContainerItemProxy;
			containerPortal = 2BF396C22D9E798600A9EABB /* Project object */;
			proxyType = 1;
			remoteGlobalIDString = 2BF396C92D9E798600A9EABB;
			remoteInfo = ContactsTechApp;
		};
		2BF396EB2D9E798700A9EABB /* PBXContainerItemProxy */ = {
			isa = PBXContainerItemProxy;
			containerPortal = 2BF396C22D9E798600A9EABB /* Project object */;
			proxyType = 1;
			remoteGlobalIDString = 2BF396C92D9E798600A9EABB;
			remoteInfo = ContactsTechApp;
		};
/* End PBXContainerItemProxy section */

/* Begin PBXFileReference section */
		2B37BC652D9F13F7008B9110 /* ContactListFactory.swift */ = {isa = PBXFileReference; lastKnownFileType = sourcecode.swift; path = ContactListFactory.swift; sourceTree = "<group>"; };
		2B877AD12D9F129000C31B5D /* HTTPClientInterface.swift */ = {isa = PBXFileReference; lastKnownFileType = sourcecode.swift; path = HTTPClientInterface.swift; sourceTree = "<group>"; };
		2B877AD22D9F129000C31B5D /* JSONHTTPClient.swift */ = {isa = PBXFileReference; lastKnownFileType = sourcecode.swift; path = JSONHTTPClient.swift; sourceTree = "<group>"; };
		2B877AD52D9F129000C31B5D /* RandomUserService.swift */ = {isa = PBXFileReference; lastKnownFileType = sourcecode.swift; path = RandomUserService.swift; sourceTree = "<group>"; };
		2B877AD62D9F129000C31B5D /* RandomUserServiceInterface.swift */ = {isa = PBXFileReference; lastKnownFileType = sourcecode.swift; path = RandomUserServiceInterface.swift; sourceTree = "<group>"; };
		2B877AD72D9F129000C31B5D /* RandomUserServiceResponse.swift */ = {isa = PBXFileReference; lastKnownFileType = sourcecode.swift; path = RandomUserServiceResponse.swift; sourceTree = "<group>"; };
		2B877ADD2D9F129000C31B5D /* AppDelegate.swift */ = {isa = PBXFileReference; lastKnownFileType = sourcecode.swift; path = AppDelegate.swift; sourceTree = "<group>"; };
		2B877ADE2D9F129000C31B5D /* Assets.xcassets */ = {isa = PBXFileReference; lastKnownFileType = folder.assetcatalog; path = Assets.xcassets; sourceTree = "<group>"; };
		2B877ADF2D9F129000C31B5D /* Info.plist */ = {isa = PBXFileReference; lastKnownFileType = text.plist.xml; path = Info.plist; sourceTree = "<group>"; };
		2B877AE02D9F129000C31B5D /* Base */ = {isa = PBXFileReference; lastKnownFileType = file.storyboard; name = Base; path = Base.lproj/LaunchScreen.storyboard; sourceTree = "<group>"; };
		2B877AE42D9F129000C31B5D /* SceneDelegate.swift */ = {isa = PBXFileReference; lastKnownFileType = sourcecode.swift; path = SceneDelegate.swift; sourceTree = "<group>"; };
		2B877AF32D9F129A00C31B5D /* Data+FileLoader.swift */ = {isa = PBXFileReference; lastKnownFileType = sourcecode.swift; path = "Data+FileLoader.swift"; sourceTree = "<group>"; };
		2B877AF42D9F129A00C31B5D /* MockHTTPClient.swift */ = {isa = PBXFileReference; lastKnownFileType = sourcecode.swift; path = MockHTTPClient.swift; sourceTree = "<group>"; };
		2B877AF52D9F129A00C31B5D /* RamdomUserInvalidStubs.json */ = {isa = PBXFileReference; lastKnownFileType = text.json; path = RamdomUserInvalidStubs.json; sourceTree = "<group>"; };
		2B877AF62D9F129A00C31B5D /* RamdomUserStubs.json */ = {isa = PBXFileReference; lastKnownFileType = text.json; path = RamdomUserStubs.json; sourceTree = "<group>"; };
		2B877AF72D9F129A00C31B5D /* RandomUserServiceTests.swift */ = {isa = PBXFileReference; lastKnownFileType = sourcecode.swift; path = RandomUserServiceTests.swift; sourceTree = "<group>"; };
		2BF38A422D9FC69B00BBBB13 /* ContactListViewController.swift */ = {isa = PBXFileReference; lastKnownFileType = sourcecode.swift; path = ContactListViewController.swift; sourceTree = "<group>"; };
		2BF38A472D9FCA0E00BBBB13 /* AppCoordinator.swift */ = {isa = PBXFileReference; lastKnownFileType = sourcecode.swift; path = AppCoordinator.swift; sourceTree = "<group>"; };
		2BF38A492D9FCA7C00BBBB13 /* ConctactListViewModel.swift */ = {isa = PBXFileReference; lastKnownFileType = sourcecode.swift; path = ConctactListViewModel.swift; sourceTree = "<group>"; };
		2BF38A4B2D9FCD8400BBBB13 /* ContactTableViewCell.swift */ = {isa = PBXFileReference; lastKnownFileType = sourcecode.swift; path = ContactTableViewCell.swift; sourceTree = "<group>"; };
		2BF38AD32D9FD6B000BBBB13 /* Date+Formatter.swift */ = {isa = PBXFileReference; lastKnownFileType = sourcecode.swift; path = "Date+Formatter.swift"; sourceTree = "<group>"; };
		2BF38AD52D9FD7A600BBBB13 /* Collection+SafeSubscript.swift */ = {isa = PBXFileReference; lastKnownFileType = sourcecode.swift; path = "Collection+SafeSubscript.swift"; sourceTree = "<group>"; };
		2BF38AD72DA0145200BBBB13 /* ImageDataLoader.swift */ = {isa = PBXFileReference; lastKnownFileType = sourcecode.swift; path = ImageDataLoader.swift; sourceTree = "<group>"; };
		2BF38AD92DA0147200BBBB13 /* UIImageView+Download.swift */ = {isa = PBXFileReference; lastKnownFileType = sourcecode.swift; path = "UIImageView+Download.swift"; sourceTree = "<group>"; };
		2BF38ADE2DA01D4700BBBB13 /* ContactDetailViewController.swift */ = {isa = PBXFileReference; lastKnownFileType = sourcecode.swift; path = ContactDetailViewController.swift; sourceTree = "<group>"; };
		2BF38AE02DA01EB400BBBB13 /* ContactListCoordinator.swift */ = {isa = PBXFileReference; lastKnownFileType = sourcecode.swift; path = ContactListCoordinator.swift; sourceTree = "<group>"; };
		2BF38AE22DA0204200BBBB13 /* ContactDetailFactory.swift */ = {isa = PBXFileReference; lastKnownFileType = sourcecode.swift; path = ContactDetailFactory.swift; sourceTree = "<group>"; };
		2BF38AE52DA02D2300BBBB13 /* ContactDetailViewModel.swift */ = {isa = PBXFileReference; lastKnownFileType = sourcecode.swift; path = ContactDetailViewModel.swift; sourceTree = "<group>"; };
		2BF38AE82DA03C0900BBBB13 /* ContactDetailCoordinator.swift */ = {isa = PBXFileReference; lastKnownFileType = sourcecode.swift; path = ContactDetailCoordinator.swift; sourceTree = "<group>"; };
		2BF38AEB2DA3BD1600BBBB13 /* Connectivity.swift */ = {isa = PBXFileReference; lastKnownFileType = sourcecode.swift; path = Connectivity.swift; sourceTree = "<group>"; };
		2BF396CA2D9E798600A9EABB /* ContactsTechApp.app */ = {isa = PBXFileReference; explicitFileType = wrapper.application; includeInIndex = 0; path = ContactsTechApp.app; sourceTree = BUILT_PRODUCTS_DIR; };
		2BF396E02D9E798700A9EABB /* ContactsTechAppTests.xctest */ = {isa = PBXFileReference; explicitFileType = wrapper.cfbundle; includeInIndex = 0; path = ContactsTechAppTests.xctest; sourceTree = BUILT_PRODUCTS_DIR; };
		2BF396EA2D9E798700A9EABB /* ContactsTechAppUITests.xctest */ = {isa = PBXFileReference; explicitFileType = wrapper.cfbundle; includeInIndex = 0; path = ContactsTechAppUITests.xctest; sourceTree = BUILT_PRODUCTS_DIR; };
		2BF396FE2D9E799300A9EABB /* README.md */ = {isa = PBXFileReference; lastKnownFileType = net.daringfireball.markdown; path = README.md; sourceTree = "<group>"; xcLanguageSpecificationIdentifier = xcode.lang.markdown; };
/* End PBXFileReference section */

/* Begin PBXFrameworksBuildPhase section */
		2BF396C72D9E798600A9EABB /* Frameworks */ = {
			isa = PBXFrameworksBuildPhase;
			buildActionMask = 2147483647;
			files = (
			);
			runOnlyForDeploymentPostprocessing = 0;
		};
		2BF396DD2D9E798700A9EABB /* Frameworks */ = {
			isa = PBXFrameworksBuildPhase;
			buildActionMask = 2147483647;
			files = (
			);
			runOnlyForDeploymentPostprocessing = 0;
		};
		2BF396E72D9E798700A9EABB /* Frameworks */ = {
			isa = PBXFrameworksBuildPhase;
			buildActionMask = 2147483647;
			files = (
			);
			runOnlyForDeploymentPostprocessing = 0;
		};
/* End PBXFrameworksBuildPhase section */

/* Begin PBXGroup section */
		2B877AD32D9F129000C31B5D /* HTTP Network */ = {
			isa = PBXGroup;
			children = (
				2BF38AD72DA0145200BBBB13 /* ImageDataLoader.swift */,
				2B877AD12D9F129000C31B5D /* HTTPClientInterface.swift */,
				2B877AD22D9F129000C31B5D /* JSONHTTPClient.swift */,
			);
			path = "HTTP Network";
			sourceTree = "<group>";
		};
		2B877AD42D9F129000C31B5D /* Core Layer */ = {
			isa = PBXGroup;
			children = (
				2BF38AEB2DA3BD1600BBBB13 /* Connectivity.swift */,
				2BF38AD92DA0147200BBBB13 /* UIImageView+Download.swift */,
				2BF38AD52D9FD7A600BBBB13 /* Collection+SafeSubscript.swift */,
				2BF38AD32D9FD6B000BBBB13 /* Date+Formatter.swift */,
				2B877AD32D9F129000C31B5D /* HTTP Network */,
			);
			path = "Core Layer";
			sourceTree = "<group>";
		};
		2B877AD82D9F129000C31B5D /* Random User Service */ = {
			isa = PBXGroup;
			children = (
				2B877AD52D9F129000C31B5D /* RandomUserService.swift */,
				2B877AD62D9F129000C31B5D /* RandomUserServiceInterface.swift */,
				2B877AD72D9F129000C31B5D /* RandomUserServiceResponse.swift */,
			);
			path = "Random User Service";
			sourceTree = "<group>";
		};
		2B877AD92D9F129000C31B5D /* Domain Layer */ = {
			isa = PBXGroup;
			children = (
				2B877AD82D9F129000C31B5D /* Random User Service */,
			);
			path = "Domain Layer";
			sourceTree = "<group>";
		};
		2B877ADA2D9F129000C31B5D /* Contact Detail */ = {
			isa = PBXGroup;
			children = (
				2BF38AE52DA02D2300BBBB13 /* ContactDetailViewModel.swift */,
				2BF38ADE2DA01D4700BBBB13 /* ContactDetailViewController.swift */,
			);
			path = "Contact Detail";
			sourceTree = "<group>";
		};
		2B877ADB2D9F129000C31B5D /* Contact List */ = {
			isa = PBXGroup;
			children = (
				2BF38A4B2D9FCD8400BBBB13 /* ContactTableViewCell.swift */,
				2BF38A492D9FCA7C00BBBB13 /* ConctactListViewModel.swift */,
				2BF38A422D9FC69B00BBBB13 /* ContactListViewController.swift */,
			);
			path = "Contact List";
			sourceTree = "<group>";
		};
		2B877ADC2D9F129000C31B5D /* Features */ = {
			isa = PBXGroup;
			children = (
				2BF38A452D9FC92C00BBBB13 /* Launch Screen */,
				2B877ADA2D9F129000C31B5D /* Contact Detail */,
				2B877ADB2D9F129000C31B5D /* Contact List */,
			);
			path = Features;
			sourceTree = "<group>";
		};
		2B877AE62D9F129000C31B5D /* ContactsTechApp */ = {
			isa = PBXGroup;
			children = (
				2B877AD42D9F129000C31B5D /* Core Layer */,
				2B877AD92D9F129000C31B5D /* Domain Layer */,
				2B877ADC2D9F129000C31B5D /* Features */,
				2BF38AEA2DA043AA00BBBB13 /* Ressources */,
				2BF38A442D9FC91D00BBBB13 /* App */,
			);
			path = ContactsTechApp;
			sourceTree = "<group>";
		};
		2B877AF82D9F129A00C31B5D /* ContactsTechAppTests */ = {
			isa = PBXGroup;
			children = (
				2B877AF32D9F129A00C31B5D /* Data+FileLoader.swift */,
				2B877AF42D9F129A00C31B5D /* MockHTTPClient.swift */,
				2B877AF52D9F129A00C31B5D /* RamdomUserInvalidStubs.json */,
				2B877AF62D9F129A00C31B5D /* RamdomUserStubs.json */,
				2B877AF72D9F129A00C31B5D /* RandomUserServiceTests.swift */,
			);
			path = ContactsTechAppTests;
			sourceTree = "<group>";
		};
		2BF38A442D9FC91D00BBBB13 /* App */ = {
			isa = PBXGroup;
			children = (
				2BF38AE42DA0299E00BBBB13 /* Feature Factory */,
				2BF38AE72DA0368F00BBBB13 /* Coordinators */,
				2B877ADD2D9F129000C31B5D /* AppDelegate.swift */,
				2B877AE42D9F129000C31B5D /* SceneDelegate.swift */,
			);
			path = App;
			sourceTree = "<group>";
		};
		2BF38A452D9FC92C00BBBB13 /* Launch Screen */ = {
			isa = PBXGroup;
			children = (
				2B877AE12D9F129000C31B5D /* LaunchScreen.storyboard */,
			);
			path = "Launch Screen";
			sourceTree = "<group>";
		};
		2BF38AE42DA0299E00BBBB13 /* Feature Factory */ = {
			isa = PBXGroup;
			children = (
				2BF38AE22DA0204200BBBB13 /* ContactDetailFactory.swift */,
				2B37BC652D9F13F7008B9110 /* ContactListFactory.swift */,
			);
			path = "Feature Factory";
			sourceTree = "<group>";
		};
		2BF38AE72DA0368F00BBBB13 /* Coordinators */ = {
			isa = PBXGroup;
			children = (
				2BF38AE82DA03C0900BBBB13 /* ContactDetailCoordinator.swift */,
				2BF38AE02DA01EB400BBBB13 /* ContactListCoordinator.swift */,
				2BF38A472D9FCA0E00BBBB13 /* AppCoordinator.swift */,
			);
			path = Coordinators;
			sourceTree = "<group>";
		};
		2BF38AEA2DA043AA00BBBB13 /* Ressources */ = {
			isa = PBXGroup;
			children = (
				2B877ADE2D9F129000C31B5D /* Assets.xcassets */,
				2B877ADF2D9F129000C31B5D /* Info.plist */,
			);
			path = Ressources;
			sourceTree = "<group>";
		};
		2BF396C12D9E798600A9EABB = {
			isa = PBXGroup;
			children = (
				2BF396FE2D9E799300A9EABB /* README.md */,
				2B877AE62D9F129000C31B5D /* ContactsTechApp */,
				2BF396CB2D9E798600A9EABB /* Products */,
				2B877AF82D9F129A00C31B5D /* ContactsTechAppTests */,
			);
			sourceTree = "<group>";
		};
		2BF396CB2D9E798600A9EABB /* Products */ = {
			isa = PBXGroup;
			children = (
				2BF396CA2D9E798600A9EABB /* ContactsTechApp.app */,
				2BF396E02D9E798700A9EABB /* ContactsTechAppTests.xctest */,
				2BF396EA2D9E798700A9EABB /* ContactsTechAppUITests.xctest */,
			);
			name = Products;
			sourceTree = "<group>";
		};
/* End PBXGroup section */

/* Begin PBXNativeTarget section */
		2BF396C92D9E798600A9EABB /* ContactsTechApp */ = {
			isa = PBXNativeTarget;
			buildConfigurationList = 2BF396F32D9E798700A9EABB /* Build configuration list for PBXNativeTarget "ContactsTechApp" */;
			buildPhases = (
				2BF396C62D9E798600A9EABB /* Sources */,
				2BF396C72D9E798600A9EABB /* Frameworks */,
				2BF396C82D9E798600A9EABB /* Resources */,
			);
			buildRules = (
			);
			dependencies = (
			);
			name = ContactsTechApp;
			packageProductDependencies = (
			);
			productName = ContactsTechApp;
			productReference = 2BF396CA2D9E798600A9EABB /* ContactsTechApp.app */;
			productType = "com.apple.product-type.application";
		};
		2BF396DF2D9E798700A9EABB /* ContactsTechAppTests */ = {
			isa = PBXNativeTarget;
			buildConfigurationList = 2BF396F82D9E798700A9EABB /* Build configuration list for PBXNativeTarget "ContactsTechAppTests" */;
			buildPhases = (
				2BF396DC2D9E798700A9EABB /* Sources */,
				2BF396DD2D9E798700A9EABB /* Frameworks */,
				2BF396DE2D9E798700A9EABB /* Resources */,
			);
			buildRules = (
			);
			dependencies = (
				2BF396E22D9E798700A9EABB /* PBXTargetDependency */,
			);
			name = ContactsTechAppTests;
			packageProductDependencies = (
			);
			productName = ContactsTechAppTests;
			productReference = 2BF396E02D9E798700A9EABB /* ContactsTechAppTests.xctest */;
			productType = "com.apple.product-type.bundle.unit-test";
		};
		2BF396E92D9E798700A9EABB /* ContactsTechAppUITests */ = {
			isa = PBXNativeTarget;
			buildConfigurationList = 2BF396FB2D9E798700A9EABB /* Build configuration list for PBXNativeTarget "ContactsTechAppUITests" */;
			buildPhases = (
				2BF396E62D9E798700A9EABB /* Sources */,
				2BF396E72D9E798700A9EABB /* Frameworks */,
				2BF396E82D9E798700A9EABB /* Resources */,
			);
			buildRules = (
			);
			dependencies = (
				2BF396EC2D9E798700A9EABB /* PBXTargetDependency */,
			);
			name = ContactsTechAppUITests;
			packageProductDependencies = (
			);
			productName = ContactsTechAppUITests;
			productReference = 2BF396EA2D9E798700A9EABB /* ContactsTechAppUITests.xctest */;
			productType = "com.apple.product-type.bundle.ui-testing";
		};
/* End PBXNativeTarget section */

/* Begin PBXProject section */
		2BF396C22D9E798600A9EABB /* Project object */ = {
			isa = PBXProject;
			attributes = {
				BuildIndependentTargetsInParallel = 1;
				LastSwiftUpdateCheck = 1620;
				LastUpgradeCheck = 1620;
				TargetAttributes = {
					2BF396C92D9E798600A9EABB = {
						CreatedOnToolsVersion = 16.2;
					};
					2BF396DF2D9E798700A9EABB = {
						CreatedOnToolsVersion = 16.2;
						TestTargetID = 2BF396C92D9E798600A9EABB;
					};
					2BF396E92D9E798700A9EABB = {
						CreatedOnToolsVersion = 16.2;
						TestTargetID = 2BF396C92D9E798600A9EABB;
					};
				};
			};
			buildConfigurationList = 2BF396C52D9E798600A9EABB /* Build configuration list for PBXProject "ContactsTechApp" */;
			developmentRegion = en;
			hasScannedForEncodings = 0;
			knownRegions = (
				en,
				Base,
			);
			mainGroup = 2BF396C12D9E798600A9EABB;
			minimizedProjectReferenceProxies = 1;
			preferredProjectObjectVersion = 77;
			productRefGroup = 2BF396CB2D9E798600A9EABB /* Products */;
			projectDirPath = "";
			projectRoot = "";
			targets = (
				2BF396C92D9E798600A9EABB /* ContactsTechApp */,
				2BF396DF2D9E798700A9EABB /* ContactsTechAppTests */,
				2BF396E92D9E798700A9EABB /* ContactsTechAppUITests */,
			);
		};
/* End PBXProject section */

/* Begin PBXResourcesBuildPhase section */
		2BF396C82D9E798600A9EABB /* Resources */ = {
			isa = PBXResourcesBuildPhase;
			buildActionMask = 2147483647;
			files = (
				2B877AE72D9F129000C31B5D /* Assets.xcassets in Resources */,
				2B877AE92D9F129000C31B5D /* LaunchScreen.storyboard in Resources */,
				2BF396FF2D9E799A00A9EABB /* README.md in Resources */,
			);
			runOnlyForDeploymentPostprocessing = 0;
		};
		2BF396DE2D9E798700A9EABB /* Resources */ = {
			isa = PBXResourcesBuildPhase;
			buildActionMask = 2147483647;
			files = (
				2B37BC6A2D9F1863008B9110 /* RamdomUserInvalidStubs.json in Resources */,
				2B37BC6B2D9F1863008B9110 /* RamdomUserStubs.json in Resources */,
			);
			runOnlyForDeploymentPostprocessing = 0;
		};
		2BF396E82D9E798700A9EABB /* Resources */ = {
			isa = PBXResourcesBuildPhase;
			buildActionMask = 2147483647;
			files = (
			);
			runOnlyForDeploymentPostprocessing = 0;
		};
/* End PBXResourcesBuildPhase section */

/* Begin PBXSourcesBuildPhase section */
		2BF396C62D9E798600A9EABB /* Sources */ = {
			isa = PBXSourcesBuildPhase;
			buildActionMask = 2147483647;
			files = (
				2B877AEB2D9F129000C31B5D /* HTTPClientInterface.swift in Sources */,
				2BF38A432D9FC6A100BBBB13 /* ContactListViewController.swift in Sources */,
				2BF38AE92DA03C1900BBBB13 /* ContactDetailCoordinator.swift in Sources */,
				2BF38A4A2D9FCA8100BBBB13 /* ConctactListViewModel.swift in Sources */,
				2BF38AE12DA01EBC00BBBB13 /* ContactListCoordinator.swift in Sources */,
				2BF38A482D9FCA1300BBBB13 /* AppCoordinator.swift in Sources */,
				2B877AEC2D9F129000C31B5D /* JSONHTTPClient.swift in Sources */,
				2BF38ADA2DA0147200BBBB13 /* UIImageView+Download.swift in Sources */,
				2B877AED2D9F129000C31B5D /* RandomUserService.swift in Sources */,
				2BF38AD82DA0145200BBBB13 /* ImageDataLoader.swift in Sources */,
				2BF38A4C2D9FCD8400BBBB13 /* ContactTableViewCell.swift in Sources */,
				2B877AEE2D9F129000C31B5D /* RandomUserServiceInterface.swift in Sources */,
				2BF38AE32DA0204A00BBBB13 /* ContactDetailFactory.swift in Sources */,
				2B37BC662D9F1400008B9110 /* ContactListFactory.swift in Sources */,
				2BF38AD62D9FD7A600BBBB13 /* Collection+SafeSubscript.swift in Sources */,
				2B877AEF2D9F129000C31B5D /* RandomUserServiceResponse.swift in Sources */,
				2BF38ADF2DA01D4F00BBBB13 /* ContactDetailViewController.swift in Sources */,
				2BF38AD42D9FD6B000BBBB13 /* Date+Formatter.swift in Sources */,
				2BF38AEC2DA3BD2300BBBB13 /* Connectivity.swift in Sources */,
				2B877AF02D9F129000C31B5D /* AppDelegate.swift in Sources */,
				2BF38AE62DA02D2A00BBBB13 /* ContactDetailViewModel.swift in Sources */,
				2B877AF12D9F129000C31B5D /* SceneDelegate.swift in Sources */,
			);
			runOnlyForDeploymentPostprocessing = 0;
		};
		2BF396DC2D9E798700A9EABB /* Sources */ = {
			isa = PBXSourcesBuildPhase;
			buildActionMask = 2147483647;
			files = (
				2B37BC672D9F1859008B9110 /* Data+FileLoader.swift in Sources */,
				2B37BC682D9F1859008B9110 /* MockHTTPClient.swift in Sources */,
				2B37BC692D9F1859008B9110 /* RandomUserServiceTests.swift in Sources */,
			);
			runOnlyForDeploymentPostprocessing = 0;
		};
		2BF396E62D9E798700A9EABB /* Sources */ = {
			isa = PBXSourcesBuildPhase;
			buildActionMask = 2147483647;
			files = (
			);
			runOnlyForDeploymentPostprocessing = 0;
		};
/* End PBXSourcesBuildPhase section */

/* Begin PBXTargetDependency section */
		2BF396E22D9E798700A9EABB /* PBXTargetDependency */ = {
			isa = PBXTargetDependency;
			target = 2BF396C92D9E798600A9EABB /* ContactsTechApp */;
			targetProxy = 2BF396E12D9E798700A9EABB /* PBXContainerItemProxy */;
		};
		2BF396EC2D9E798700A9EABB /* PBXTargetDependency */ = {
			isa = PBXTargetDependency;
			target = 2BF396C92D9E798600A9EABB /* ContactsTechApp */;
			targetProxy = 2BF396EB2D9E798700A9EABB /* PBXContainerItemProxy */;
		};
/* End PBXTargetDependency section */

/* Begin PBXVariantGroup section */
		2B877AE12D9F129000C31B5D /* LaunchScreen.storyboard */ = {
			isa = PBXVariantGroup;
			children = (
				2B877AE02D9F129000C31B5D /* Base */,
			);
			name = LaunchScreen.storyboard;
			sourceTree = "<group>";
		};
/* End PBXVariantGroup section */

/* Begin XCBuildConfiguration section */
		2BF396F42D9E798700A9EABB /* Debug */ = {
			isa = XCBuildConfiguration;
			buildSettings = {
				ASSETCATALOG_COMPILER_APPICON_NAME = AppIcon;
				ASSETCATALOG_COMPILER_GLOBAL_ACCENT_COLOR_NAME = AccentColor;
				CODE_SIGN_STYLE = Automatic;
				CURRENT_PROJECT_VERSION = 1;
				DEVELOPMENT_TEAM = 85M33F6863;
				GENERATE_INFOPLIST_FILE = YES;
				INFOPLIST_FILE = ContactsTechApp/Info.plist;
				INFOPLIST_KEY_UIApplicationSupportsIndirectInputEvents = YES;
				INFOPLIST_KEY_UILaunchStoryboardName = LaunchScreen;
				INFOPLIST_KEY_UIMainStoryboardFile = "";
				INFOPLIST_KEY_UISupportedInterfaceOrientations = "UIInterfaceOrientationLandscapeLeft UIInterfaceOrientationLandscapeRight UIInterfaceOrientationPortrait";
				INFOPLIST_KEY_UISupportedInterfaceOrientations_iPad = "UIInterfaceOrientationLandscapeLeft UIInterfaceOrientationLandscapeRight UIInterfaceOrientationPortrait UIInterfaceOrientationPortraitUpsideDown";
				LD_RUNPATH_SEARCH_PATHS = (
					"$(inherited)",
					"@executable_path/Frameworks",
				);
				MARKETING_VERSION = 1.0;
				PRODUCT_BUNDLE_IDENTIFIER = com.joffreybocquet.ContactsTechApp;
				PRODUCT_NAME = "$(TARGET_NAME)";
				SWIFT_EMIT_LOC_STRINGS = YES;
				SWIFT_VERSION = 5.0;
				TARGETED_DEVICE_FAMILY = "1,2";
			};
			name = Debug;
		};
		2BF396F52D9E798700A9EABB /* Release */ = {
			isa = XCBuildConfiguration;
			buildSettings = {
				ASSETCATALOG_COMPILER_APPICON_NAME = AppIcon;
				ASSETCATALOG_COMPILER_GLOBAL_ACCENT_COLOR_NAME = AccentColor;
				CODE_SIGN_STYLE = Automatic;
				CURRENT_PROJECT_VERSION = 1;
				DEVELOPMENT_TEAM = 85M33F6863;
				GENERATE_INFOPLIST_FILE = YES;
				INFOPLIST_FILE = ContactsTechApp/Info.plist;
				INFOPLIST_KEY_UIApplicationSupportsIndirectInputEvents = YES;
				INFOPLIST_KEY_UILaunchStoryboardName = LaunchScreen;
				INFOPLIST_KEY_UIMainStoryboardFile = "";
				INFOPLIST_KEY_UISupportedInterfaceOrientations = "UIInterfaceOrientationLandscapeLeft UIInterfaceOrientationLandscapeRight UIInterfaceOrientationPortrait";
				INFOPLIST_KEY_UISupportedInterfaceOrientations_iPad = "UIInterfaceOrientationLandscapeLeft UIInterfaceOrientationLandscapeRight UIInterfaceOrientationPortrait UIInterfaceOrientationPortraitUpsideDown";
				LD_RUNPATH_SEARCH_PATHS = (
					"$(inherited)",
					"@executable_path/Frameworks",
				);
				MARKETING_VERSION = 1.0;
				PRODUCT_BUNDLE_IDENTIFIER = com.joffreybocquet.ContactsTechApp;
				PRODUCT_NAME = "$(TARGET_NAME)";
				SWIFT_EMIT_LOC_STRINGS = YES;
				SWIFT_VERSION = 5.0;
				TARGETED_DEVICE_FAMILY = "1,2";
			};
			name = Release;
		};
		2BF396F62D9E798700A9EABB /* Debug */ = {
			isa = XCBuildConfiguration;
			buildSettings = {
				ALWAYS_SEARCH_USER_PATHS = NO;
				ASSETCATALOG_COMPILER_GENERATE_SWIFT_ASSET_SYMBOL_EXTENSIONS = YES;
				CLANG_ANALYZER_NONNULL = YES;
				CLANG_ANALYZER_NUMBER_OBJECT_CONVERSION = YES_AGGRESSIVE;
				CLANG_CXX_LANGUAGE_STANDARD = "gnu++20";
				CLANG_ENABLE_MODULES = YES;
				CLANG_ENABLE_OBJC_ARC = YES;
				CLANG_ENABLE_OBJC_WEAK = YES;
				CLANG_WARN_BLOCK_CAPTURE_AUTORELEASING = YES;
				CLANG_WARN_BOOL_CONVERSION = YES;
				CLANG_WARN_COMMA = YES;
				CLANG_WARN_CONSTANT_CONVERSION = YES;
				CLANG_WARN_DEPRECATED_OBJC_IMPLEMENTATIONS = YES;
				CLANG_WARN_DIRECT_OBJC_ISA_USAGE = YES_ERROR;
				CLANG_WARN_DOCUMENTATION_COMMENTS = YES;
				CLANG_WARN_EMPTY_BODY = YES;
				CLANG_WARN_ENUM_CONVERSION = YES;
				CLANG_WARN_INFINITE_RECURSION = YES;
				CLANG_WARN_INT_CONVERSION = YES;
				CLANG_WARN_NON_LITERAL_NULL_CONVERSION = YES;
				CLANG_WARN_OBJC_IMPLICIT_RETAIN_SELF = YES;
				CLANG_WARN_OBJC_LITERAL_CONVERSION = YES;
				CLANG_WARN_OBJC_ROOT_CLASS = YES_ERROR;
				CLANG_WARN_QUOTED_INCLUDE_IN_FRAMEWORK_HEADER = YES;
				CLANG_WARN_RANGE_LOOP_ANALYSIS = YES;
				CLANG_WARN_STRICT_PROTOTYPES = YES;
				CLANG_WARN_SUSPICIOUS_MOVE = YES;
				CLANG_WARN_UNGUARDED_AVAILABILITY = YES_AGGRESSIVE;
				CLANG_WARN_UNREACHABLE_CODE = YES;
				CLANG_WARN__DUPLICATE_METHOD_MATCH = YES;
				COPY_PHASE_STRIP = NO;
				DEBUG_INFORMATION_FORMAT = dwarf;
				ENABLE_STRICT_OBJC_MSGSEND = YES;
				ENABLE_TESTABILITY = YES;
				ENABLE_USER_SCRIPT_SANDBOXING = YES;
				GCC_C_LANGUAGE_STANDARD = gnu17;
				GCC_DYNAMIC_NO_PIC = NO;
				GCC_NO_COMMON_BLOCKS = YES;
				GCC_OPTIMIZATION_LEVEL = 0;
				GCC_PREPROCESSOR_DEFINITIONS = (
					"DEBUG=1",
					"$(inherited)",
				);
				GCC_WARN_64_TO_32_BIT_CONVERSION = YES;
				GCC_WARN_ABOUT_RETURN_TYPE = YES_ERROR;
				GCC_WARN_UNDECLARED_SELECTOR = YES;
				GCC_WARN_UNINITIALIZED_AUTOS = YES_AGGRESSIVE;
				GCC_WARN_UNUSED_FUNCTION = YES;
				GCC_WARN_UNUSED_VARIABLE = YES;
				IPHONEOS_DEPLOYMENT_TARGET = 18.2;
				LOCALIZATION_PREFERS_STRING_CATALOGS = YES;
				MTL_ENABLE_DEBUG_INFO = INCLUDE_SOURCE;
				MTL_FAST_MATH = YES;
				ONLY_ACTIVE_ARCH = YES;
				SDKROOT = iphoneos;
				SWIFT_ACTIVE_COMPILATION_CONDITIONS = "DEBUG $(inherited)";
				SWIFT_OPTIMIZATION_LEVEL = "-Onone";
			};
			name = Debug;
		};
		2BF396F72D9E798700A9EABB /* Release */ = {
			isa = XCBuildConfiguration;
			buildSettings = {
				ALWAYS_SEARCH_USER_PATHS = NO;
				ASSETCATALOG_COMPILER_GENERATE_SWIFT_ASSET_SYMBOL_EXTENSIONS = YES;
				CLANG_ANALYZER_NONNULL = YES;
				CLANG_ANALYZER_NUMBER_OBJECT_CONVERSION = YES_AGGRESSIVE;
				CLANG_CXX_LANGUAGE_STANDARD = "gnu++20";
				CLANG_ENABLE_MODULES = YES;
				CLANG_ENABLE_OBJC_ARC = YES;
				CLANG_ENABLE_OBJC_WEAK = YES;
				CLANG_WARN_BLOCK_CAPTURE_AUTORELEASING = YES;
				CLANG_WARN_BOOL_CONVERSION = YES;
				CLANG_WARN_COMMA = YES;
				CLANG_WARN_CONSTANT_CONVERSION = YES;
				CLANG_WARN_DEPRECATED_OBJC_IMPLEMENTATIONS = YES;
				CLANG_WARN_DIRECT_OBJC_ISA_USAGE = YES_ERROR;
				CLANG_WARN_DOCUMENTATION_COMMENTS = YES;
				CLANG_WARN_EMPTY_BODY = YES;
				CLANG_WARN_ENUM_CONVERSION = YES;
				CLANG_WARN_INFINITE_RECURSION = YES;
				CLANG_WARN_INT_CONVERSION = YES;
				CLANG_WARN_NON_LITERAL_NULL_CONVERSION = YES;
				CLANG_WARN_OBJC_IMPLICIT_RETAIN_SELF = YES;
				CLANG_WARN_OBJC_LITERAL_CONVERSION = YES;
				CLANG_WARN_OBJC_ROOT_CLASS = YES_ERROR;
				CLANG_WARN_QUOTED_INCLUDE_IN_FRAMEWORK_HEADER = YES;
				CLANG_WARN_RANGE_LOOP_ANALYSIS = YES;
				CLANG_WARN_STRICT_PROTOTYPES = YES;
				CLANG_WARN_SUSPICIOUS_MOVE = YES;
				CLANG_WARN_UNGUARDED_AVAILABILITY = YES_AGGRESSIVE;
				CLANG_WARN_UNREACHABLE_CODE = YES;
				CLANG_WARN__DUPLICATE_METHOD_MATCH = YES;
				COPY_PHASE_STRIP = NO;
				DEBUG_INFORMATION_FORMAT = "dwarf-with-dsym";
				ENABLE_NS_ASSERTIONS = NO;
				ENABLE_STRICT_OBJC_MSGSEND = YES;
				ENABLE_USER_SCRIPT_SANDBOXING = YES;
				GCC_C_LANGUAGE_STANDARD = gnu17;
				GCC_NO_COMMON_BLOCKS = YES;
				GCC_WARN_64_TO_32_BIT_CONVERSION = YES;
				GCC_WARN_ABOUT_RETURN_TYPE = YES_ERROR;
				GCC_WARN_UNDECLARED_SELECTOR = YES;
				GCC_WARN_UNINITIALIZED_AUTOS = YES_AGGRESSIVE;
				GCC_WARN_UNUSED_FUNCTION = YES;
				GCC_WARN_UNUSED_VARIABLE = YES;
				IPHONEOS_DEPLOYMENT_TARGET = 18.2;
				LOCALIZATION_PREFERS_STRING_CATALOGS = YES;
				MTL_ENABLE_DEBUG_INFO = NO;
				MTL_FAST_MATH = YES;
				SDKROOT = iphoneos;
				SWIFT_COMPILATION_MODE = wholemodule;
				VALIDATE_PRODUCT = YES;
			};
			name = Release;
		};
		2BF396F92D9E798700A9EABB /* Debug */ = {
			isa = XCBuildConfiguration;
			buildSettings = {
				BUNDLE_LOADER = "$(TEST_HOST)";
				CODE_SIGN_STYLE = Automatic;
				CURRENT_PROJECT_VERSION = 1;
				DEVELOPMENT_TEAM = 85M33F6863;
				GENERATE_INFOPLIST_FILE = YES;
				IPHONEOS_DEPLOYMENT_TARGET = 18.2;
				MARKETING_VERSION = 1.0;
				PRODUCT_BUNDLE_IDENTIFIER = com.joffreybocquet.ContactsTechAppTests;
				PRODUCT_NAME = "$(TARGET_NAME)";
				SWIFT_EMIT_LOC_STRINGS = NO;
				SWIFT_VERSION = 5.0;
				TARGETED_DEVICE_FAMILY = "1,2";
				TEST_HOST = "$(BUILT_PRODUCTS_DIR)/ContactsTechApp.app/$(BUNDLE_EXECUTABLE_FOLDER_PATH)/ContactsTechApp";
			};
			name = Debug;
		};
		2BF396FA2D9E798700A9EABB /* Release */ = {
			isa = XCBuildConfiguration;
			buildSettings = {
				BUNDLE_LOADER = "$(TEST_HOST)";
				CODE_SIGN_STYLE = Automatic;
				CURRENT_PROJECT_VERSION = 1;
				DEVELOPMENT_TEAM = 85M33F6863;
				GENERATE_INFOPLIST_FILE = YES;
				IPHONEOS_DEPLOYMENT_TARGET = 18.2;
				MARKETING_VERSION = 1.0;
				PRODUCT_BUNDLE_IDENTIFIER = com.joffreybocquet.ContactsTechAppTests;
				PRODUCT_NAME = "$(TARGET_NAME)";
				SWIFT_EMIT_LOC_STRINGS = NO;
				SWIFT_VERSION = 5.0;
				TARGETED_DEVICE_FAMILY = "1,2";
				TEST_HOST = "$(BUILT_PRODUCTS_DIR)/ContactsTechApp.app/$(BUNDLE_EXECUTABLE_FOLDER_PATH)/ContactsTechApp";
			};
			name = Release;
		};
		2BF396FC2D9E798700A9EABB /* Debug */ = {
			isa = XCBuildConfiguration;
			buildSettings = {
				CODE_SIGN_STYLE = Automatic;
				CURRENT_PROJECT_VERSION = 1;
				DEVELOPMENT_TEAM = 85M33F6863;
				GENERATE_INFOPLIST_FILE = YES;
				MARKETING_VERSION = 1.0;
				PRODUCT_BUNDLE_IDENTIFIER = com.joffreybocquet.ContactsTechAppUITests;
				PRODUCT_NAME = "$(TARGET_NAME)";
				SWIFT_EMIT_LOC_STRINGS = NO;
				SWIFT_VERSION = 5.0;
				TARGETED_DEVICE_FAMILY = "1,2";
				TEST_TARGET_NAME = ContactsTechApp;
			};
			name = Debug;
		};
		2BF396FD2D9E798700A9EABB /* Release */ = {
			isa = XCBuildConfiguration;
			buildSettings = {
				CODE_SIGN_STYLE = Automatic;
				CURRENT_PROJECT_VERSION = 1;
				DEVELOPMENT_TEAM = 85M33F6863;
				GENERATE_INFOPLIST_FILE = YES;
				MARKETING_VERSION = 1.0;
				PRODUCT_BUNDLE_IDENTIFIER = com.joffreybocquet.ContactsTechAppUITests;
				PRODUCT_NAME = "$(TARGET_NAME)";
				SWIFT_EMIT_LOC_STRINGS = NO;
				SWIFT_VERSION = 5.0;
				TARGETED_DEVICE_FAMILY = "1,2";
				TEST_TARGET_NAME = ContactsTechApp;
			};
			name = Release;
		};
/* End XCBuildConfiguration section */

/* Begin XCConfigurationList section */
		2BF396C52D9E798600A9EABB /* Build configuration list for PBXProject "ContactsTechApp" */ = {
			isa = XCConfigurationList;
			buildConfigurations = (
				2BF396F62D9E798700A9EABB /* Debug */,
				2BF396F72D9E798700A9EABB /* Release */,
			);
			defaultConfigurationIsVisible = 0;
			defaultConfigurationName = Release;
		};
		2BF396F32D9E798700A9EABB /* Build configuration list for PBXNativeTarget "ContactsTechApp" */ = {
			isa = XCConfigurationList;
			buildConfigurations = (
				2BF396F42D9E798700A9EABB /* Debug */,
				2BF396F52D9E798700A9EABB /* Release */,
			);
			defaultConfigurationIsVisible = 0;
			defaultConfigurationName = Release;
		};
		2BF396F82D9E798700A9EABB /* Build configuration list for PBXNativeTarget "ContactsTechAppTests" */ = {
			isa = XCConfigurationList;
			buildConfigurations = (
				2BF396F92D9E798700A9EABB /* Debug */,
				2BF396FA2D9E798700A9EABB /* Release */,
			);
			defaultConfigurationIsVisible = 0;
			defaultConfigurationName = Release;
		};
		2BF396FB2D9E798700A9EABB /* Build configuration list for PBXNativeTarget "ContactsTechAppUITests" */ = {
			isa = XCConfigurationList;
			buildConfigurations = (
				2BF396FC2D9E798700A9EABB /* Debug */,
				2BF396FD2D9E798700A9EABB /* Release */,
			);
			defaultConfigurationIsVisible = 0;
			defaultConfigurationName = Release;
		};
/* End XCConfigurationList section */
	};
	rootObject = 2BF396C22D9E798600A9EABB /* Project object */;
}
